
Microsoft Visual Studio Solution File, Format Version 12.00
# Visual Studio Version 16
VisualStudioVersion = 16.0.28803.352
MinimumVisualStudioVersion = 10.0.40219.1
Project("{FAE04EC0-301F-11D3-BF4B-00C04F79EFBC}") = "DIGI-Shipping", "MWTrace_beta\DIGI-Shipping.csproj", "{8D500577-B281-43B0-B733-7DB794129B6E}"
EndProject
Project("{FAE04EC0-301F-11D3-BF4B-00C04F79EFBC}") = "DIGI-Sensor", "DIGI-Sensor\DIGI-Sensor.csproj", "{F7E31EB6-AE9F-44B9-A9D5-B1CEB8B48769}"
EndProject
Project("{FAE04EC0-301F-11D3-BF4B-00C04F79EFBC}") = "DIGI-Plant1", "DIGI-Plant1\DIGI-Plant1.csproj", "{A5A2C69E-5703-40C0-8FFE-B632436E62EC}"
EndProject
Project("{FAE04EC0-301F-11D3-BF4B-00C04F79EFBC}") = "DIGI_WR11-XGI", "DIGI_WR11-XGI\DIGI_WR11-XGI.csproj", "{DDF5A342-F97A-4D91-931F-3A0ED6CF593F}"
EndProject
Project("{FAE04EC0-301F-11D3-BF4B-00C04F79EFBC}") = "IX30_Project", "IX30_Project\IX30_Project.csproj", "{BD9D696C-05E7-4C61-BF30-3A223B908A45}"
EndProject
Global
	GlobalSection(SolutionConfigurationPlatforms) = preSolution
		Debug|Any CPU = Debug|Any CPU
		Release|Any CPU = Release|Any CPU
	EndGlobalSection
	GlobalSection(ProjectConfigurationPlatforms) = postSolution
		{8D500577-B281-43B0-B733-7DB794129B6E}.Debug|Any CPU.ActiveCfg = Debug|Any CPU
		{8D500577-B281-43B0-B733-7DB794129B6E}.Debug|Any CPU.Build.0 = Debug|Any CPU
		{8D500577-B281-43B0-B733-7DB794129B6E}.Release|Any CPU.ActiveCfg = Release|Any CPU
		{8D500577-B281-43B0-B733-7DB794129B6E}.Release|Any CPU.Build.0 = Release|Any CPU
		{F7E31EB6-AE9F-44B9-A9D5-B1CEB8B48769}.Debug|Any CPU.ActiveCfg = Debug|Any CPU
		{F7E31EB6-AE9F-44B9-A9D5-B1CEB8B48769}.Debug|Any CPU.Build.0 = Debug|Any CPU
		{F7E31EB6-AE9F-44B9-A9D5-B1CEB8B48769}.Release|Any CPU.ActiveCfg = Release|Any CPU
		{F7E31EB6-AE9F-44B9-A9D5-B1CEB8B48769}.Release|Any CPU.Build.0 = Release|Any CPU
		{A5A2C69E-5703-40C0-8FFE-B632436E62EC}.Debug|Any CPU.ActiveCfg = Debug|Any CPU
		{A5A2C69E-5703-40C0-8FFE-B632436E62EC}.Debug|Any CPU.Build.0 = Debug|Any CPU
		{A5A2C69E-5703-40C0-8FFE-B632436E62EC}.Release|Any CPU.ActiveCfg = Release|Any CPU
		{A5A2C69E-5703-40C0-8FFE-B632436E62EC}.Release|Any CPU.Build.0 = Release|Any CPU
		{DDF5A342-F97A-4D91-931F-3A0ED6CF593F}.Debug|Any CPU.ActiveCfg = Debug|Any CPU
		{DDF5A342-F97A-4D91-931F-3A0ED6CF593F}.Debug|Any CPU.Build.0 = Debug|Any CPU
		{DDF5A342-F97A-4D91-931F-3A0ED6CF593F}.Release|Any CPU.ActiveCfg = Release|Any CPU
		{DDF5A342-F97A-4D91-931F-3A0ED6CF593F}.Release|Any CPU.Build.0 = Release|Any CPU
		{BD9D696C-05E7-4C61-BF30-3A223B908A45}.Debug|Any CPU.ActiveCfg = Debug|Any CPU
		{BD9D696C-05E7-4C61-BF30-3A223B908A45}.Debug|Any CPU.Build.0 = Debug|Any CPU
		{BD9D696C-05E7-4C61-BF30-3A223B908A45}.Release|Any CPU.ActiveCfg = Release|Any CPU
		{BD9D696C-05E7-4C61-BF30-3A223B908A45}.Release|Any CPU.Build.0 = Release|Any CPU
	EndGlobalSection
	GlobalSection(SolutionProperties) = preSolution
		HideSolutionNode = FALSE
	EndGlobalSection
	GlobalSection(ExtensibilityGlobals) = postSolution
		SolutionGuid = {C3178384-D3CE-45A7-978E-E3B688DE8865}
	EndGlobalSection
EndGlobal
